
Microsoft Visual Studio Solution File, Format Version 12.00
Project("{FAE04EC0-301F-11D3-BF4B-00C04F79EFBC}") = "LabAssignment4", "LabAssignment4\LabAssignment4.csproj", "{0C84E895-895A-4C77-8823-47CAA5576616}"
EndProject
Global
	GlobalSection(SolutionConfigurationPlatforms) = preSolution
		Debug|Any CPU = Debug|Any CPU
		Release|Any CPU = Release|Any CPU
	EndGlobalSection
	GlobalSection(ProjectConfigurationPlatforms) = postSolution
		{0C84E895-895A-4C77-8823-47CAA5576616}.Debug|Any CPU.ActiveCfg = Debug|Any CPU
		{0C84E895-895A-4C77-8823-47CAA5576616}.Debug|Any CPU.Build.0 = Debug|Any CPU
		{0C84E895-895A-4C77-8823-47CAA5576616}.Release|Any CPU.ActiveCfg = Release|Any CPU
		{0C84E895-895A-4C77-8823-47CAA5576616}.Release|Any CPU.Build.0 = Release|Any CPU
	EndGlobalSection
EndGlobal
